
Microsoft Visual Studio Solution File, Format Version 12.00
# Visual Studio Version 17
VisualStudioVersion = 17.6.33829.357
MinimumVisualStudioVersion = 10.0.40219.1
Project("{FAE04EC0-301F-11D3-BF4B-00C04F79EFBC}") = "Baitap2_QLSV", "Baitap2_QLSV\Baitap2_QLSV.csproj", "{4765568E-D30A-4161-8C77-279EC33A12C9}"
EndProject
Project("{FAE04EC0-301F-11D3-BF4B-00C04F79EFBC}") = "Baitap2_PTB2", "Baitap2_PTB2\Baitap2_PTB2.csproj", "{5ADEC965-3C29-4BB5-96B4-E86F94CDE69B}"
EndProject
Global
	GlobalSection(SolutionConfigurationPlatforms) = preSolution
		Debug|Any CPU = Debug|Any CPU
		Release|Any CPU = Release|Any CPU
	EndGlobalSection
	GlobalSection(ProjectConfigurationPlatforms) = postSolution
		{4765568E-D30A-4161-8C77-279EC33A12C9}.Debug|Any CPU.ActiveCfg = Debug|Any CPU
		{4765568E-D30A-4161-8C77-279EC33A12C9}.Debug|Any CPU.Build.0 = Debug|Any CPU
		{4765568E-D30A-4161-8C77-279EC33A12C9}.Release|Any CPU.ActiveCfg = Release|Any CPU
		{4765568E-D30A-4161-8C77-279EC33A12C9}.Release|Any CPU.Build.0 = Release|Any CPU
		{5ADEC965-3C29-4BB5-96B4-E86F94CDE69B}.Debug|Any CPU.ActiveCfg = Debug|Any CPU
		{5ADEC965-3C29-4BB5-96B4-E86F94CDE69B}.Debug|Any CPU.Build.0 = Debug|Any CPU
		{5ADEC965-3C29-4BB5-96B4-E86F94CDE69B}.Release|Any CPU.ActiveCfg = Release|Any CPU
		{5ADEC965-3C29-4BB5-96B4-E86F94CDE69B}.Release|Any CPU.Build.0 = Release|Any CPU
	EndGlobalSection
	GlobalSection(SolutionProperties) = preSolution
		HideSolutionNode = FALSE
	EndGlobalSection
	GlobalSection(ExtensibilityGlobals) = postSolution
		SolutionGuid = {604678E8-A55F-4682-9683-A7038322AC9D}
	EndGlobalSection
EndGlobal
